
Microsoft Visual Studio Solution File, Format Version 12.00
# Visual Studio 14
VisualStudioVersion = 14.0.25420.1
MinimumVisualStudioVersion = 10.0.40219.1
Project("{FAE04EC0-301F-11D3-BF4B-00C04F79EFBC}") = "MiniNugetServer", "MiniNugetServer\MiniNugetServer.csproj", "{B09BBACA-DB92-444E-9BE7-821DFBFC7423}"
EndProject
Project("{2150E333-8FDC-42A3-9474-1A3956D46DE8}") = "Docker", "Docker", "{87497B0F-FBCE-4BE1-80FA-152F8A4D4EC2}"
	ProjectSection(SolutionItems) = preProject
		MiniNugetServer.dockerfile = MiniNugetServer.dockerfile
	EndProjectSection
EndProject
Global
	GlobalSection(SolutionConfigurationPlatforms) = preSolution
		Debug|Any CPU = Debug|Any CPU
		Release|Any CPU = Release|Any CPU
	EndGlobalSection
	GlobalSection(ProjectConfigurationPlatforms) = postSolution
		{B09BBACA-DB92-444E-9BE7-821DFBFC7423}.Debug|Any CPU.ActiveCfg = Debug|Any CPU
		{B09BBACA-DB92-444E-9BE7-821DFBFC7423}.Debug|Any CPU.Build.0 = Debug|Any CPU
		{B09BBACA-DB92-444E-9BE7-821DFBFC7423}.Release|Any CPU.ActiveCfg = Release|Any CPU
		{B09BBACA-DB92-444E-9BE7-821DFBFC7423}.Release|Any CPU.Build.0 = Release|Any CPU
	EndGlobalSection
	GlobalSection(SolutionProperties) = preSolution
		HideSolutionNode = FALSE
	EndGlobalSection
EndGlobal
